
Microsoft Visual Studio Solution File, Format Version 12.00
# Visual Studio 15
VisualStudioVersion = 15.0.28307.902
MinimumVisualStudioVersion = 10.0.40219.1
Project("{FAE04EC0-301F-11D3-BF4B-00C04F79EFBC}") = "dotNet5780_02_6789_0947", "dotNet5780_02_6789_0947\dotNet5780_02_6789_0947.csproj", "{3D87BA37-1608-454F-B26D-6CB4D26D685D}"
EndProject
Global
	GlobalSection(SolutionConfigurationPlatforms) = preSolution
		Debug|Any CPU = Debug|Any CPU
		Release|Any CPU = Release|Any CPU
	EndGlobalSection
	GlobalSection(ProjectConfigurationPlatforms) = postSolution
		{3D87BA37-1608-454F-B26D-6CB4D26D685D}.Debug|Any CPU.ActiveCfg = Debug|Any CPU
		{3D87BA37-1608-454F-B26D-6CB4D26D685D}.Debug|Any CPU.Build.0 = Debug|Any CPU
		{3D87BA37-1608-454F-B26D-6CB4D26D685D}.Release|Any CPU.ActiveCfg = Release|Any CPU
		{3D87BA37-1608-454F-B26D-6CB4D26D685D}.Release|Any CPU.Build.0 = Release|Any CPU
	EndGlobalSection
	GlobalSection(SolutionProperties) = preSolution
		HideSolutionNode = FALSE
	EndGlobalSection
	GlobalSection(ExtensibilityGlobals) = postSolution
		SolutionGuid = {22039506-B205-4688-8499-19AD891AD7D6}
	EndGlobalSection
EndGlobal
